
Microsoft Visual Studio Solution File, Format Version 12.00
# Visual Studio Version 17
VisualStudioVersion = 17.9.34607.119
MinimumVisualStudioVersion = 10.0.40219.1
Project("{2150E333-8FDC-42A3-9474-1A3956D46DE8}") = "src", "src", "{092319CF-14DF-4AA1-BBB4-24437EF07C8E}"
EndProject
Project("{2150E333-8FDC-42A3-9474-1A3956D46DE8}") = "UI", "UI", "{531D9458-A68B-4762-B405-83739B299D2E}"
EndProject
Project("{2150E333-8FDC-42A3-9474-1A3956D46DE8}") = "Core", "Core", "{98E826C8-12BD-4BD1-A1C1-A45A00183E1A}"
EndProject
Project("{2150E333-8FDC-42A3-9474-1A3956D46DE8}") = "Infrastructure", "Infrastructure", "{3766B9DB-4986-49A1-998A-C41CA0BC576E}"
EndProject
Project("{2150E333-8FDC-42A3-9474-1A3956D46DE8}") = "API", "API", "{ACB837E3-AB2F-446A-9012-0460CB1D0444}"
EndProject
Project("{9A19103F-16F7-4668-BE54-9A1E7A4F7556}") = "ChurchMS.Domain", "ChurchMS.Domain\ChurchMS.Domain.csproj", "{F723F50A-CB8D-4042-9760-7F663D25C0E7}"
EndProject
Project("{9A19103F-16F7-4668-BE54-9A1E7A4F7556}") = "ChurchMS.Application", "ChurchMS.Application\ChurchMS.Application.csproj", "{0316C63F-14AD-4D53-AFE1-6147B1E0D284}"
EndProject
Project("{9A19103F-16F7-4668-BE54-9A1E7A4F7556}") = "ChurchMS.Persistence", "ChurchMS.Persistence\ChurchMS.Persistence.csproj", "{AE98313A-51CE-47F1-A7D7-BCB25CD996E4}"
EndProject
Project("{9A19103F-16F7-4668-BE54-9A1E7A4F7556}") = "ChurchMS.Infrastructure", "ChurchMS.Infrastructure\ChurchMS.Infrastructure.csproj", "{65FEAC1A-5E23-426F-8897-76E7D9C75584}"
EndProject
Project("{FAE04EC0-301F-11D3-BF4B-00C04F79EFBC}") = "ChurchMS.API", "ChurchMS.API\ChurchMS.API.csproj", "{5638DC49-BC14-46CF-A4DE-78B85BE0E236}"
EndProject
Global
	GlobalSection(SolutionConfigurationPlatforms) = preSolution
		Debug|Any CPU = Debug|Any CPU
		Release|Any CPU = Release|Any CPU
	EndGlobalSection
	GlobalSection(ProjectConfigurationPlatforms) = postSolution
		{F723F50A-CB8D-4042-9760-7F663D25C0E7}.Debug|Any CPU.ActiveCfg = Debug|Any CPU
		{F723F50A-CB8D-4042-9760-7F663D25C0E7}.Debug|Any CPU.Build.0 = Debug|Any CPU
		{F723F50A-CB8D-4042-9760-7F663D25C0E7}.Release|Any CPU.ActiveCfg = Release|Any CPU
		{F723F50A-CB8D-4042-9760-7F663D25C0E7}.Release|Any CPU.Build.0 = Release|Any CPU
		{0316C63F-14AD-4D53-AFE1-6147B1E0D284}.Debug|Any CPU.ActiveCfg = Debug|Any CPU
		{0316C63F-14AD-4D53-AFE1-6147B1E0D284}.Debug|Any CPU.Build.0 = Debug|Any CPU
		{0316C63F-14AD-4D53-AFE1-6147B1E0D284}.Release|Any CPU.ActiveCfg = Release|Any CPU
		{0316C63F-14AD-4D53-AFE1-6147B1E0D284}.Release|Any CPU.Build.0 = Release|Any CPU
		{AE98313A-51CE-47F1-A7D7-BCB25CD996E4}.Debug|Any CPU.ActiveCfg = Debug|Any CPU
		{AE98313A-51CE-47F1-A7D7-BCB25CD996E4}.Debug|Any CPU.Build.0 = Debug|Any CPU
		{AE98313A-51CE-47F1-A7D7-BCB25CD996E4}.Release|Any CPU.ActiveCfg = Release|Any CPU
		{AE98313A-51CE-47F1-A7D7-BCB25CD996E4}.Release|Any CPU.Build.0 = Release|Any CPU
		{65FEAC1A-5E23-426F-8897-76E7D9C75584}.Debug|Any CPU.ActiveCfg = Debug|Any CPU
		{65FEAC1A-5E23-426F-8897-76E7D9C75584}.Debug|Any CPU.Build.0 = Debug|Any CPU
		{65FEAC1A-5E23-426F-8897-76E7D9C75584}.Release|Any CPU.ActiveCfg = Release|Any CPU
		{65FEAC1A-5E23-426F-8897-76E7D9C75584}.Release|Any CPU.Build.0 = Release|Any CPU
		{5638DC49-BC14-46CF-A4DE-78B85BE0E236}.Debug|Any CPU.ActiveCfg = Debug|Any CPU
		{5638DC49-BC14-46CF-A4DE-78B85BE0E236}.Debug|Any CPU.Build.0 = Debug|Any CPU
		{5638DC49-BC14-46CF-A4DE-78B85BE0E236}.Release|Any CPU.ActiveCfg = Release|Any CPU
		{5638DC49-BC14-46CF-A4DE-78B85BE0E236}.Release|Any CPU.Build.0 = Release|Any CPU
	EndGlobalSection
	GlobalSection(SolutionProperties) = preSolution
		HideSolutionNode = FALSE
	EndGlobalSection
	GlobalSection(NestedProjects) = preSolution
		{531D9458-A68B-4762-B405-83739B299D2E} = {092319CF-14DF-4AA1-BBB4-24437EF07C8E}
		{98E826C8-12BD-4BD1-A1C1-A45A00183E1A} = {092319CF-14DF-4AA1-BBB4-24437EF07C8E}
		{3766B9DB-4986-49A1-998A-C41CA0BC576E} = {092319CF-14DF-4AA1-BBB4-24437EF07C8E}
		{ACB837E3-AB2F-446A-9012-0460CB1D0444} = {092319CF-14DF-4AA1-BBB4-24437EF07C8E}
		{F723F50A-CB8D-4042-9760-7F663D25C0E7} = {98E826C8-12BD-4BD1-A1C1-A45A00183E1A}
		{0316C63F-14AD-4D53-AFE1-6147B1E0D284} = {98E826C8-12BD-4BD1-A1C1-A45A00183E1A}
		{AE98313A-51CE-47F1-A7D7-BCB25CD996E4} = {3766B9DB-4986-49A1-998A-C41CA0BC576E}
		{65FEAC1A-5E23-426F-8897-76E7D9C75584} = {3766B9DB-4986-49A1-998A-C41CA0BC576E}
		{5638DC49-BC14-46CF-A4DE-78B85BE0E236} = {ACB837E3-AB2F-446A-9012-0460CB1D0444}
	EndGlobalSection
	GlobalSection(ExtensibilityGlobals) = postSolution
		SolutionGuid = {E3D7C111-7239-45EA-9AC8-CBB5920243D2}
	EndGlobalSection
EndGlobal
